
Microsoft Visual Studio Solution File, Format Version 12.00
Project("{FAE04EC0-301F-11D3-BF4B-00C04F79EFBC}") = "WebAppStarter", "WebAppStarter\WebAppStarter.csproj", "{1A0F9B47-8276-4D93-A601-7C3A5B6F016B}"
EndProject
Project("{FAE04EC0-301F-11D3-BF4B-00C04F79EFBC}") = "WebAppDatabase", "WebAppDatabase\WebAppDatabase.csproj", "{B1924782-88FE-4103-BF1E-798236A6E672}"
EndProject
Global
	GlobalSection(SolutionConfigurationPlatforms) = preSolution
		Debug|Any CPU = Debug|Any CPU
		Release|Any CPU = Release|Any CPU
	EndGlobalSection
	GlobalSection(ProjectConfigurationPlatforms) = postSolution
		{1A0F9B47-8276-4D93-A601-7C3A5B6F016B}.Debug|Any CPU.ActiveCfg = Debug|Any CPU
		{1A0F9B47-8276-4D93-A601-7C3A5B6F016B}.Debug|Any CPU.Build.0 = Debug|Any CPU
		{1A0F9B47-8276-4D93-A601-7C3A5B6F016B}.Release|Any CPU.ActiveCfg = Release|Any CPU
		{1A0F9B47-8276-4D93-A601-7C3A5B6F016B}.Release|Any CPU.Build.0 = Release|Any CPU
		{B1924782-88FE-4103-BF1E-798236A6E672}.Debug|Any CPU.ActiveCfg = Debug|Any CPU
		{B1924782-88FE-4103-BF1E-798236A6E672}.Debug|Any CPU.Build.0 = Debug|Any CPU
		{B1924782-88FE-4103-BF1E-798236A6E672}.Release|Any CPU.ActiveCfg = Release|Any CPU
		{B1924782-88FE-4103-BF1E-798236A6E672}.Release|Any CPU.Build.0 = Release|Any CPU
	EndGlobalSection
EndGlobal
